
Microsoft Visual Studio Solution File, Format Version 12.00
# Visual Studio Version 17
VisualStudioVersion = 17.5.002.0
MinimumVisualStudioVersion = 10.0.40219.1
Project("{9A19103F-16F7-4668-BE54-9A1E7A4F7556}") = "treinamento .NET Core", "treinamento .NET Core.csproj", "{80CDD6AB-99E0-4ED6-BF13-95E140CB4AED}"
EndProject
Global
	GlobalSection(SolutionConfigurationPlatforms) = preSolution
		Debug|Any CPU = Debug|Any CPU
		Release|Any CPU = Release|Any CPU
	EndGlobalSection
	GlobalSection(ProjectConfigurationPlatforms) = postSolution
		{80CDD6AB-99E0-4ED6-BF13-95E140CB4AED}.Debug|Any CPU.ActiveCfg = Debug|Any CPU
		{80CDD6AB-99E0-4ED6-BF13-95E140CB4AED}.Debug|Any CPU.Build.0 = Debug|Any CPU
		{80CDD6AB-99E0-4ED6-BF13-95E140CB4AED}.Release|Any CPU.ActiveCfg = Release|Any CPU
		{80CDD6AB-99E0-4ED6-BF13-95E140CB4AED}.Release|Any CPU.Build.0 = Release|Any CPU
	EndGlobalSection
	GlobalSection(SolutionProperties) = preSolution
		HideSolutionNode = FALSE
	EndGlobalSection
	GlobalSection(ExtensibilityGlobals) = postSolution
		SolutionGuid = {405251D9-91A1-4401-A5D9-8013E10D4DE1}
	EndGlobalSection
EndGlobal
